PODS:
  - audioplayers_darwin (0.0.1):
    - Flutter
    - FlutterMacOS
  - file_picker (0.0.1):
    - FlutterMacOS
  - flutter_angle (0.3.6):
    - Flutter
    - FlutterAngle (~> 0.0.8)
    - FlutterMacOS
  - flutter_soloud (0.0.1):
    - FlutterMacOS
  - FlutterAngle (0.0.8)
  - FlutterMacOS (1.0.0)
  - path_provider_foundation (0.0.1):
    - Flutter
    - FlutterMacOS
  - shared_preferences_foundation (0.0.1):
    - Flutter
    - FlutterMacOS

DEPENDENCIES:
  - audioplayers_darwin (from `Flutter/ephemeral/.symlinks/plugins/audioplayers_darwin/darwin`)
  - file_picker (from `Flutter/ephemeral/.symlinks/plugins/file_picker/macos`)
  - flutter_angle (from `Flutter/ephemeral/.symlinks/plugins/flutter_angle/darwin`)
  - flutter_soloud (from `Flutter/ephemeral/.symlinks/plugins/flutter_soloud/macos`)
  - FlutterMacOS (from `Flutter/ephemeral`)
  - path_provider_foundation (from `Flutter/ephemeral/.symlinks/plugins/path_provider_foundation/darwin`)
  - shared_preferences_foundation (from `Flutter/ephemeral/.symlinks/plugins/shared_preferences_foundation/darwin`)

SPEC REPOS:
  trunk:
    - FlutterAngle

EXTERNAL SOURCES:
  audioplayers_darwin:
    :path: Flutter/ephemeral/.symlinks/plugins/audioplayers_darwin/darwin
  file_picker:
    :path: Flutter/ephemeral/.symlinks/plugins/file_picker/macos
  flutter_angle:
    :path: Flutter/ephemeral/.symlinks/plugins/flutter_angle/darwin
  flutter_soloud:
    :path: Flutter/ephemeral/.symlinks/plugins/flutter_soloud/macos
  FlutterMacOS:
    :path: Flutter/ephemeral
  path_provider_foundation:
    :path: Flutter/ephemeral/.symlinks/plugins/path_provider_foundation/darwin
  shared_preferences_foundation:
    :path: Flutter/ephemeral/.symlinks/plugins/shared_preferences_foundation/darwin

SPEC CHECKSUMS:
  audioplayers_darwin: 4f9ca89d92d3d21cec7ec580e78ca888e5fb68bd
  file_picker: 7584aae6fa07a041af2b36a2655122d42f578c1a
  flutter_angle: 376179cc3f5d9bf20c2f9b5746852695645790ac
  flutter_soloud: cb69d77c6ca89760429201880cf416b72d4d0c6a
  FlutterAngle: c810891af800750361b1d0e7cc944f2338d5ae18
  FlutterMacOS: 8f6f14fa908a6fb3fba0cd85dbd81ec4b251fb24
  path_provider_foundation: 080d55be775b7414fd5a5ef3ac137b97b097e564
  shared_preferences_foundation: 9e1978ff2562383bd5676f64ec4e9aa8fa06a6f7

PODFILE CHECKSUM: 54d867c82ac51cbd61b565781b9fada492027009

COCOAPODS: 1.16.2
